
Microsoft Visual Studio Solution File, Format Version 12.00
# Visual Studio Version 17
VisualStudioVersion = 17.6.33815.320
MinimumVisualStudioVersion = 10.0.40219.1
Project("{9A19103F-16F7-4668-BE54-9A1E7A4F7556}") = "myfavouriteimages-back-end", "myfavouriteimages-back-end\myfavouriteimages-back-end.csproj", "{2AA92D01-FBA9-405C-B912-58D382B978A5}"
EndProject
Project("{9A19103F-16F7-4668-BE54-9A1E7A4F7556}") = "Entitties", "Entitties\Entitties.csproj", "{D16F7CE2-ACDA-436F-B0CD-87799FCE5F12}"
EndProject
Project("{9A19103F-16F7-4668-BE54-9A1E7A4F7556}") = "Data", "Data\Data.csproj", "{79CE7F52-377F-4559-A007-D1075B1E91BB}"
EndProject
Project("{FAE04EC0-301F-11D3-BF4B-00C04F79EFBC}") = "TestProyect", "TestProyect\TestProyect.csproj", "{F6018832-942F-464F-9ACD-8EF15054FC66}"
EndProject
Global
	GlobalSection(SolutionConfigurationPlatforms) = preSolution
		Debug|Any CPU = Debug|Any CPU
		Release|Any CPU = Release|Any CPU
	EndGlobalSection
	GlobalSection(ProjectConfigurationPlatforms) = postSolution
		{2AA92D01-FBA9-405C-B912-58D382B978A5}.Debug|Any CPU.ActiveCfg = Debug|Any CPU
		{2AA92D01-FBA9-405C-B912-58D382B978A5}.Debug|Any CPU.Build.0 = Debug|Any CPU
		{2AA92D01-FBA9-405C-B912-58D382B978A5}.Release|Any CPU.ActiveCfg = Release|Any CPU
		{2AA92D01-FBA9-405C-B912-58D382B978A5}.Release|Any CPU.Build.0 = Release|Any CPU
		{D16F7CE2-ACDA-436F-B0CD-87799FCE5F12}.Debug|Any CPU.ActiveCfg = Debug|Any CPU
		{D16F7CE2-ACDA-436F-B0CD-87799FCE5F12}.Debug|Any CPU.Build.0 = Debug|Any CPU
		{D16F7CE2-ACDA-436F-B0CD-87799FCE5F12}.Release|Any CPU.ActiveCfg = Release|Any CPU
		{D16F7CE2-ACDA-436F-B0CD-87799FCE5F12}.Release|Any CPU.Build.0 = Release|Any CPU
		{79CE7F52-377F-4559-A007-D1075B1E91BB}.Debug|Any CPU.ActiveCfg = Debug|Any CPU
		{79CE7F52-377F-4559-A007-D1075B1E91BB}.Debug|Any CPU.Build.0 = Debug|Any CPU
		{79CE7F52-377F-4559-A007-D1075B1E91BB}.Release|Any CPU.ActiveCfg = Release|Any CPU
		{79CE7F52-377F-4559-A007-D1075B1E91BB}.Release|Any CPU.Build.0 = Release|Any CPU
		{F6018832-942F-464F-9ACD-8EF15054FC66}.Debug|Any CPU.ActiveCfg = Debug|Any CPU
		{F6018832-942F-464F-9ACD-8EF15054FC66}.Debug|Any CPU.Build.0 = Debug|Any CPU
		{F6018832-942F-464F-9ACD-8EF15054FC66}.Release|Any CPU.ActiveCfg = Release|Any CPU
		{F6018832-942F-464F-9ACD-8EF15054FC66}.Release|Any CPU.Build.0 = Release|Any CPU
	EndGlobalSection
	GlobalSection(SolutionProperties) = preSolution
		HideSolutionNode = FALSE
	EndGlobalSection
	GlobalSection(ExtensibilityGlobals) = postSolution
		SolutionGuid = {5AABC1C7-71AD-45DD-8613-81EE384C634A}
	EndGlobalSection
EndGlobal
